
Microsoft Visual Studio Solution File, Format Version 12.00
# Visual Studio Version 17
VisualStudioVersion = 17.7.34221.43
MinimumVisualStudioVersion = 10.0.40219.1
Project("{FAE04EC0-301F-11D3-BF4B-00C04F79EFBC}") = "vizedenSonraVeriYapıları", "vizedenSonraVeriYapıları.csproj", "{C1C0E193-45EB-4142-A6B5-90EF9B63344C}"
EndProject
Project("{2150E333-8FDC-42A3-9474-1A3956D46DE8}") = "Hafta1", "Hafta1", "{5D2C0E5B-C8E9-425F-B2E6-55CFABB0D66D}"
EndProject
Project("{FAE04EC0-301F-11D3-BF4B-00C04F79EFBC}") = "ders1_1", "..\ders1_1\ders1_1.csproj", "{2BABEB05-CC23-41D7-A9FF-9C20BADF37D0}"
EndProject
Project("{FAE04EC0-301F-11D3-BF4B-00C04F79EFBC}") = "masaç", "..\masaç\masaç.csproj", "{D53BB5CF-96BF-451E-AA6B-C38292A03911}"
EndProject
Project("{2150E333-8FDC-42A3-9474-1A3956D46DE8}") = "çalışmalar", "çalışmalar", "{A5F1F3FD-D0D0-4C99-93B3-0832BAC5E455}"
EndProject
Project("{FAE04EC0-301F-11D3-BF4B-00C04F79EFBC}") = "postfixtenInfixe", "..\postfixtenInfixe\postfixtenInfixe.csproj", "{83C436B5-9B52-4AF6-885E-64EDA6F8D2EB}"
EndProject
Project("{2150E333-8FDC-42A3-9474-1A3956D46DE8}") = "vizeSoruları", "vizeSoruları", "{B746BC38-C5E8-45A6-B16B-6D5F4E463E7A}"
EndProject
Project("{FAE04EC0-301F-11D3-BF4B-00C04F79EFBC}") = "soru1", "..\soru1\soru1.csproj", "{A1AD55C1-6EB0-4E30-9947-85CB2726A598}"
EndProject
Project("{FAE04EC0-301F-11D3-BF4B-00C04F79EFBC}") = "soru2", "..\soru2\soru2.csproj", "{5260BC2E-060E-40F6-87B5-3023D636FB7A}"
EndProject
Project("{FAE04EC0-301F-11D3-BF4B-00C04F79EFBC}") = "soru3", "..\soru3\soru3.csproj", "{2E39AE25-7736-46FB-81A4-DE9ADA994821}"
EndProject
Project("{FAE04EC0-301F-11D3-BF4B-00C04F79EFBC}") = "ShrotestRemainingTimeNexr", "..\ShrotestRemainingTimeNexr\ShrotestRemainingTimeNexr.csproj", "{961A38EB-D850-4E6C-BDCE-6100CB19EDAB}"
EndProject
Project("{FAE04EC0-301F-11D3-BF4B-00C04F79EFBC}") = "ders1_2", "..\ders1_2\ders1_2.csproj", "{327CA881-D6BE-4C6D-8C29-A168D3F13204}"
EndProject
Project("{FAE04EC0-301F-11D3-BF4B-00C04F79EFBC}") = "odev1_1", "..\odev1_1\odev1_1.csproj", "{DAE59525-9751-4CAB-9918-58AD7B3F731D}"
EndProject
Project("{FAE04EC0-301F-11D3-BF4B-00C04F79EFBC}") = "ConvertFormBinary", "..\ConvertFormBinary\ConvertFormBinary.csproj", "{EF6207AC-5150-4984-8156-C7CF27934914}"
EndProject
Project("{FAE04EC0-301F-11D3-BF4B-00C04F79EFBC}") = "odev1_2", "..\odev1_2\odev1_2.csproj", "{0E101A57-0A04-4777-BACF-FDE3831C5355}"
EndProject
Project("{FAE04EC0-301F-11D3-BF4B-00C04F79EFBC}") = "odev1_3", "..\odev1_3\odev1_3.csproj", "{2ECA2DC1-BF90-43E6-9C5F-4640A5B24EFD}"
EndProject
Project("{FAE04EC0-301F-11D3-BF4B-00C04F79EFBC}") = "odev1_4", "..\odev1_4\odev1_4.csproj", "{22365054-D6A8-4F72-8389-2D6C27A035BE}"
EndProject
Project("{FAE04EC0-301F-11D3-BF4B-00C04F79EFBC}") = "enÇokTekrarEdenSubstring", "..\enÇokTekrarEdenSubstring\enÇokTekrarEdenSubstring.csproj", "{88F3B605-FEBD-4777-9CA8-5E923DD777B0}"
EndProject
Project("{FAE04EC0-301F-11D3-BF4B-00C04F79EFBC}") = "odev1_44", "..\odev1_44\odev1_44.csproj", "{DF064E4E-522A-4175-A423-9311D6E26F3C}"
EndProject
Project("{FAE04EC0-301F-11D3-BF4B-00C04F79EFBC}") = "odev1_5", "..\odev1_5\odev1_5.csproj", "{A5623E6A-EF61-4B5F-AA19-8624F2A34700}"
EndProject
Project("{FAE04EC0-301F-11D3-BF4B-00C04F79EFBC}") = "odev1_6", "..\odev1_6\odev1_6.csproj", "{D675D509-EDE9-4322-B2A0-0ED9819E0243}"
EndProject
Project("{2150E333-8FDC-42A3-9474-1A3956D46DE8}") = "Hafta2", "Hafta2", "{124B376C-88F6-4BF2-89FE-DE86AFD69776}"
EndProject
Project("{FAE04EC0-301F-11D3-BF4B-00C04F79EFBC}") = "ders2_1", "..\ders2_1\ders2_1.csproj", "{42A40929-2CBB-4018-978B-F12A2416970D}"
EndProject
Project("{FAE04EC0-301F-11D3-BF4B-00C04F79EFBC}") = "ders2_2", "..\ders2_2\ders2_2.csproj", "{809A41E0-C874-4D03-A838-07859A7EA9FE}"
EndProject
Project("{FAE04EC0-301F-11D3-BF4B-00C04F79EFBC}") = "ders2_3", "..\ders2_3\ders2_3.csproj", "{013641B2-B2AA-42CF-A392-CCEE1081BDDF}"
EndProject
Project("{FAE04EC0-301F-11D3-BF4B-00C04F79EFBC}") = "ders2_4", "..\ders2_4\ders2_4.csproj", "{D42709C7-84D6-43FC-BCC8-0C877777717C}"
EndProject
Project("{FAE04EC0-301F-11D3-BF4B-00C04F79EFBC}") = "ders2_5", "..\ders2_5\ders2_5.csproj", "{8A36BA94-9DFC-4C9E-827A-A5746CBA44EE}"
EndProject
Project("{FAE04EC0-301F-11D3-BF4B-00C04F79EFBC}") = "ders2_6", "..\ders2_6\ders2_6.csproj", "{74C31B32-2C65-4B14-8BBE-48DC7A7B3306}"
EndProject
Project("{FAE04EC0-301F-11D3-BF4B-00C04F79EFBC}") = "hafta2Masa", "..\hafta2Masa\hafta2Masa.csproj", "{A35528D6-FD86-41D5-8148-532ED636705E}"
EndProject
Project("{FAE04EC0-301F-11D3-BF4B-00C04F79EFBC}") = "kuyrukBenimYontem", "..\kuyrukBenimYontem\kuyrukBenimYontem.csproj", "{A301EC0A-F242-44A2-9A05-A26B428A4315}"
EndProject
Project("{FAE04EC0-301F-11D3-BF4B-00C04F79EFBC}") = "kuyrukOlusturYontem1", "..\kuyrukOlusturYontem1\kuyrukOlusturYontem1.csproj", "{7950D4D3-F8FF-4D98-9DE5-528F688EFA3B}"
EndProject
Project("{FAE04EC0-301F-11D3-BF4B-00C04F79EFBC}") = "kuyrukOlusturYontem2", "..\kuyrukOlusturYontem2\kuyrukOlusturYontem2.csproj", "{461FCA05-9A43-411C-830D-05D877189AAC}"
EndProject
Project("{FAE04EC0-301F-11D3-BF4B-00C04F79EFBC}") = "kuyrukOlusturYontem3", "..\kuyrukOlusturYontem3\kuyrukOlusturYontem3.csproj", "{E1027885-2F51-4769-BE7A-2DE21B62705D}"
EndProject
Project("{FAE04EC0-301F-11D3-BF4B-00C04F79EFBC}") = "enBuyukToplam", "..\enBuyukToplam\enBuyukToplam.csproj", "{14AD0BBD-93C9-462D-8FA5-9DA858BE3F48}"
EndProject
Project("{FAE04EC0-301F-11D3-BF4B-00C04F79EFBC}") = "odev1_1_iö", "..\odev1_1_iö\odev1_1_iö.csproj", "{A87C4D2D-836E-4BE8-9C8B-BFCC41095F4E}"
EndProject
Project("{FAE04EC0-301F-11D3-BF4B-00C04F79EFBC}") = "odev1_2_iö", "..\odev1_2_iö\odev1_2_iö.csproj", "{13DF9E8E-9C9F-4104-A70A-CE46BF265D18}"
EndProject
Project("{FAE04EC0-301F-11D3-BF4B-00C04F79EFBC}") = "odev1_3_iö", "..\odev1_3_iö\odev1_3_iö.csproj", "{9CEC6FFC-68D7-4055-9A1A-19FE6207FF70}"
EndProject
Project("{FAE04EC0-301F-11D3-BF4B-00C04F79EFBC}") = "odev1_4_iö", "..\odev1_4_iö\odev1_4_iö.csproj", "{EA3E38EC-7198-4177-885B-D5D99881BF35}"
EndProject
Project("{2150E333-8FDC-42A3-9474-1A3956D46DE8}") = "Hafta3", "Hafta3", "{47EB1CF9-1D8E-4F14-A5F5-8B2C5C5BB721}"
EndProject
Project("{FAE04EC0-301F-11D3-BF4B-00C04F79EFBC}") = "ders3_1", "..\ders3_1\ders3_1.csproj", "{2BB48742-18E9-4007-87DE-ADBAD19A96D7}"
EndProject
Project("{FAE04EC0-301F-11D3-BF4B-00C04F79EFBC}") = "ders3_2", "..\ders3_2\ders3_2.csproj", "{F4D081EA-E7B2-4972-B08D-92F9EF05DA21}"
EndProject
Project("{FAE04EC0-301F-11D3-BF4B-00C04F79EFBC}") = "ders3_3", "..\ders3_3\ders3_3.csproj", "{6B67BEDE-96F5-4150-AEA8-DE9089C3D719}"
EndProject
Project("{FAE04EC0-301F-11D3-BF4B-00C04F79EFBC}") = "hafta3Masa", "..\hafta3Masa\hafta3Masa.csproj", "{9E323EF8-F6EF-4891-9CEE-E41EA4C99A52}"
EndProject
Global
	GlobalSection(SolutionConfigurationPlatforms) = preSolution
		Debug|Any CPU = Debug|Any CPU
		Release|Any CPU = Release|Any CPU
	EndGlobalSection
	GlobalSection(ProjectConfigurationPlatforms) = postSolution
		{C1C0E193-45EB-4142-A6B5-90EF9B63344C}.Debug|Any CPU.ActiveCfg = Debug|Any CPU
		{C1C0E193-45EB-4142-A6B5-90EF9B63344C}.Debug|Any CPU.Build.0 = Debug|Any CPU
		{C1C0E193-45EB-4142-A6B5-90EF9B63344C}.Release|Any CPU.ActiveCfg = Release|Any CPU
		{C1C0E193-45EB-4142-A6B5-90EF9B63344C}.Release|Any CPU.Build.0 = Release|Any CPU
		{2BABEB05-CC23-41D7-A9FF-9C20BADF37D0}.Debug|Any CPU.ActiveCfg = Debug|Any CPU
		{2BABEB05-CC23-41D7-A9FF-9C20BADF37D0}.Debug|Any CPU.Build.0 = Debug|Any CPU
		{2BABEB05-CC23-41D7-A9FF-9C20BADF37D0}.Release|Any CPU.ActiveCfg = Release|Any CPU
		{2BABEB05-CC23-41D7-A9FF-9C20BADF37D0}.Release|Any CPU.Build.0 = Release|Any CPU
		{D53BB5CF-96BF-451E-AA6B-C38292A03911}.Debug|Any CPU.ActiveCfg = Debug|Any CPU
		{D53BB5CF-96BF-451E-AA6B-C38292A03911}.Debug|Any CPU.Build.0 = Debug|Any CPU
		{D53BB5CF-96BF-451E-AA6B-C38292A03911}.Release|Any CPU.ActiveCfg = Release|Any CPU
		{D53BB5CF-96BF-451E-AA6B-C38292A03911}.Release|Any CPU.Build.0 = Release|Any CPU
		{83C436B5-9B52-4AF6-885E-64EDA6F8D2EB}.Debug|Any CPU.ActiveCfg = Debug|Any CPU
		{83C436B5-9B52-4AF6-885E-64EDA6F8D2EB}.Debug|Any CPU.Build.0 = Debug|Any CPU
		{83C436B5-9B52-4AF6-885E-64EDA6F8D2EB}.Release|Any CPU.ActiveCfg = Release|Any CPU
		{83C436B5-9B52-4AF6-885E-64EDA6F8D2EB}.Release|Any CPU.Build.0 = Release|Any CPU
		{A1AD55C1-6EB0-4E30-9947-85CB2726A598}.Debug|Any CPU.ActiveCfg = Debug|Any CPU
		{A1AD55C1-6EB0-4E30-9947-85CB2726A598}.Debug|Any CPU.Build.0 = Debug|Any CPU
		{A1AD55C1-6EB0-4E30-9947-85CB2726A598}.Release|Any CPU.ActiveCfg = Release|Any CPU
		{A1AD55C1-6EB0-4E30-9947-85CB2726A598}.Release|Any CPU.Build.0 = Release|Any CPU
		{5260BC2E-060E-40F6-87B5-3023D636FB7A}.Debug|Any CPU.ActiveCfg = Debug|Any CPU
		{5260BC2E-060E-40F6-87B5-3023D636FB7A}.Debug|Any CPU.Build.0 = Debug|Any CPU
		{5260BC2E-060E-40F6-87B5-3023D636FB7A}.Release|Any CPU.ActiveCfg = Release|Any CPU
		{5260BC2E-060E-40F6-87B5-3023D636FB7A}.Release|Any CPU.Build.0 = Release|Any CPU
		{2E39AE25-7736-46FB-81A4-DE9ADA994821}.Debug|Any CPU.ActiveCfg = Debug|Any CPU
		{2E39AE25-7736-46FB-81A4-DE9ADA994821}.Debug|Any CPU.Build.0 = Debug|Any CPU
		{2E39AE25-7736-46FB-81A4-DE9ADA994821}.Release|Any CPU.ActiveCfg = Release|Any CPU
		{2E39AE25-7736-46FB-81A4-DE9ADA994821}.Release|Any CPU.Build.0 = Release|Any CPU
		{961A38EB-D850-4E6C-BDCE-6100CB19EDAB}.Debug|Any CPU.ActiveCfg = Debug|Any CPU
		{961A38EB-D850-4E6C-BDCE-6100CB19EDAB}.Debug|Any CPU.Build.0 = Debug|Any CPU
		{961A38EB-D850-4E6C-BDCE-6100CB19EDAB}.Release|Any CPU.ActiveCfg = Release|Any CPU
		{961A38EB-D850-4E6C-BDCE-6100CB19EDAB}.Release|Any CPU.Build.0 = Release|Any CPU
		{327CA881-D6BE-4C6D-8C29-A168D3F13204}.Debug|Any CPU.ActiveCfg = Debug|Any CPU
		{327CA881-D6BE-4C6D-8C29-A168D3F13204}.Debug|Any CPU.Build.0 = Debug|Any CPU
		{327CA881-D6BE-4C6D-8C29-A168D3F13204}.Release|Any CPU.ActiveCfg = Release|Any CPU
		{327CA881-D6BE-4C6D-8C29-A168D3F13204}.Release|Any CPU.Build.0 = Release|Any CPU
		{DAE59525-9751-4CAB-9918-58AD7B3F731D}.Debug|Any CPU.ActiveCfg = Debug|Any CPU
		{DAE59525-9751-4CAB-9918-58AD7B3F731D}.Debug|Any CPU.Build.0 = Debug|Any CPU
		{DAE59525-9751-4CAB-9918-58AD7B3F731D}.Release|Any CPU.ActiveCfg = Release|Any CPU
		{DAE59525-9751-4CAB-9918-58AD7B3F731D}.Release|Any CPU.Build.0 = Release|Any CPU
		{EF6207AC-5150-4984-8156-C7CF27934914}.Debug|Any CPU.ActiveCfg = Debug|Any CPU
		{EF6207AC-5150-4984-8156-C7CF27934914}.Debug|Any CPU.Build.0 = Debug|Any CPU
		{EF6207AC-5150-4984-8156-C7CF27934914}.Release|Any CPU.ActiveCfg = Release|Any CPU
		{EF6207AC-5150-4984-8156-C7CF27934914}.Release|Any CPU.Build.0 = Release|Any CPU
		{0E101A57-0A04-4777-BACF-FDE3831C5355}.Debug|Any CPU.ActiveCfg = Debug|Any CPU
		{0E101A57-0A04-4777-BACF-FDE3831C5355}.Debug|Any CPU.Build.0 = Debug|Any CPU
		{0E101A57-0A04-4777-BACF-FDE3831C5355}.Release|Any CPU.ActiveCfg = Release|Any CPU
		{0E101A57-0A04-4777-BACF-FDE3831C5355}.Release|Any CPU.Build.0 = Release|Any CPU
		{2ECA2DC1-BF90-43E6-9C5F-4640A5B24EFD}.Debug|Any CPU.ActiveCfg = Debug|Any CPU
		{2ECA2DC1-BF90-43E6-9C5F-4640A5B24EFD}.Debug|Any CPU.Build.0 = Debug|Any CPU
		{2ECA2DC1-BF90-43E6-9C5F-4640A5B24EFD}.Release|Any CPU.ActiveCfg = Release|Any CPU
		{2ECA2DC1-BF90-43E6-9C5F-4640A5B24EFD}.Release|Any CPU.Build.0 = Release|Any CPU
		{22365054-D6A8-4F72-8389-2D6C27A035BE}.Debug|Any CPU.ActiveCfg = Debug|Any CPU
		{22365054-D6A8-4F72-8389-2D6C27A035BE}.Debug|Any CPU.Build.0 = Debug|Any CPU
		{22365054-D6A8-4F72-8389-2D6C27A035BE}.Release|Any CPU.ActiveCfg = Release|Any CPU
		{22365054-D6A8-4F72-8389-2D6C27A035BE}.Release|Any CPU.Build.0 = Release|Any CPU
		{88F3B605-FEBD-4777-9CA8-5E923DD777B0}.Debug|Any CPU.ActiveCfg = Debug|Any CPU
		{88F3B605-FEBD-4777-9CA8-5E923DD777B0}.Debug|Any CPU.Build.0 = Debug|Any CPU
		{88F3B605-FEBD-4777-9CA8-5E923DD777B0}.Release|Any CPU.ActiveCfg = Release|Any CPU
		{88F3B605-FEBD-4777-9CA8-5E923DD777B0}.Release|Any CPU.Build.0 = Release|Any CPU
		{DF064E4E-522A-4175-A423-9311D6E26F3C}.Debug|Any CPU.ActiveCfg = Debug|Any CPU
		{DF064E4E-522A-4175-A423-9311D6E26F3C}.Debug|Any CPU.Build.0 = Debug|Any CPU
		{DF064E4E-522A-4175-A423-9311D6E26F3C}.Release|Any CPU.ActiveCfg = Release|Any CPU
		{DF064E4E-522A-4175-A423-9311D6E26F3C}.Release|Any CPU.Build.0 = Release|Any CPU
		{A5623E6A-EF61-4B5F-AA19-8624F2A34700}.Debug|Any CPU.ActiveCfg = Debug|Any CPU
		{A5623E6A-EF61-4B5F-AA19-8624F2A34700}.Debug|Any CPU.Build.0 = Debug|Any CPU
		{A5623E6A-EF61-4B5F-AA19-8624F2A34700}.Release|Any CPU.ActiveCfg = Release|Any CPU
		{A5623E6A-EF61-4B5F-AA19-8624F2A34700}.Release|Any CPU.Build.0 = Release|Any CPU
		{D675D509-EDE9-4322-B2A0-0ED9819E0243}.Debug|Any CPU.ActiveCfg = Debug|Any CPU
		{D675D509-EDE9-4322-B2A0-0ED9819E0243}.Debug|Any CPU.Build.0 = Debug|Any CPU
		{D675D509-EDE9-4322-B2A0-0ED9819E0243}.Release|Any CPU.ActiveCfg = Release|Any CPU
		{D675D509-EDE9-4322-B2A0-0ED9819E0243}.Release|Any CPU.Build.0 = Release|Any CPU
		{42A40929-2CBB-4018-978B-F12A2416970D}.Debug|Any CPU.ActiveCfg = Debug|Any CPU
		{42A40929-2CBB-4018-978B-F12A2416970D}.Debug|Any CPU.Build.0 = Debug|Any CPU
		{42A40929-2CBB-4018-978B-F12A2416970D}.Release|Any CPU.ActiveCfg = Release|Any CPU
		{42A40929-2CBB-4018-978B-F12A2416970D}.Release|Any CPU.Build.0 = Release|Any CPU
		{809A41E0-C874-4D03-A838-07859A7EA9FE}.Debug|Any CPU.ActiveCfg = Debug|Any CPU
		{809A41E0-C874-4D03-A838-07859A7EA9FE}.Debug|Any CPU.Build.0 = Debug|Any CPU
		{809A41E0-C874-4D03-A838-07859A7EA9FE}.Release|Any CPU.ActiveCfg = Release|Any CPU
		{809A41E0-C874-4D03-A838-07859A7EA9FE}.Release|Any CPU.Build.0 = Release|Any CPU
		{013641B2-B2AA-42CF-A392-CCEE1081BDDF}.Debug|Any CPU.ActiveCfg = Debug|Any CPU
		{013641B2-B2AA-42CF-A392-CCEE1081BDDF}.Debug|Any CPU.Build.0 = Debug|Any CPU
		{013641B2-B2AA-42CF-A392-CCEE1081BDDF}.Release|Any CPU.ActiveCfg = Release|Any CPU
		{013641B2-B2AA-42CF-A392-CCEE1081BDDF}.Release|Any CPU.Build.0 = Release|Any CPU
		{D42709C7-84D6-43FC-BCC8-0C877777717C}.Debug|Any CPU.ActiveCfg = Debug|Any CPU
		{D42709C7-84D6-43FC-BCC8-0C877777717C}.Debug|Any CPU.Build.0 = Debug|Any CPU
		{D42709C7-84D6-43FC-BCC8-0C877777717C}.Release|Any CPU.ActiveCfg = Release|Any CPU
		{D42709C7-84D6-43FC-BCC8-0C877777717C}.Release|Any CPU.Build.0 = Release|Any CPU
		{8A36BA94-9DFC-4C9E-827A-A5746CBA44EE}.Debug|Any CPU.ActiveCfg = Debug|Any CPU
		{8A36BA94-9DFC-4C9E-827A-A5746CBA44EE}.Debug|Any CPU.Build.0 = Debug|Any CPU
		{8A36BA94-9DFC-4C9E-827A-A5746CBA44EE}.Release|Any CPU.ActiveCfg = Release|Any CPU
		{8A36BA94-9DFC-4C9E-827A-A5746CBA44EE}.Release|Any CPU.Build.0 = Release|Any CPU
		{74C31B32-2C65-4B14-8BBE-48DC7A7B3306}.Debug|Any CPU.ActiveCfg = Debug|Any CPU
		{74C31B32-2C65-4B14-8BBE-48DC7A7B3306}.Debug|Any CPU.Build.0 = Debug|Any CPU
		{74C31B32-2C65-4B14-8BBE-48DC7A7B3306}.Release|Any CPU.ActiveCfg = Release|Any CPU
		{74C31B32-2C65-4B14-8BBE-48DC7A7B3306}.Release|Any CPU.Build.0 = Release|Any CPU
		{A35528D6-FD86-41D5-8148-532ED636705E}.Debug|Any CPU.ActiveCfg = Debug|Any CPU
		{A35528D6-FD86-41D5-8148-532ED636705E}.Debug|Any CPU.Build.0 = Debug|Any CPU
		{A35528D6-FD86-41D5-8148-532ED636705E}.Release|Any CPU.ActiveCfg = Release|Any CPU
		{A35528D6-FD86-41D5-8148-532ED636705E}.Release|Any CPU.Build.0 = Release|Any CPU
		{A301EC0A-F242-44A2-9A05-A26B428A4315}.Debug|Any CPU.ActiveCfg = Debug|Any CPU
		{A301EC0A-F242-44A2-9A05-A26B428A4315}.Debug|Any CPU.Build.0 = Debug|Any CPU
		{A301EC0A-F242-44A2-9A05-A26B428A4315}.Release|Any CPU.ActiveCfg = Release|Any CPU
		{A301EC0A-F242-44A2-9A05-A26B428A4315}.Release|Any CPU.Build.0 = Release|Any CPU
		{7950D4D3-F8FF-4D98-9DE5-528F688EFA3B}.Debug|Any CPU.ActiveCfg = Debug|Any CPU
		{7950D4D3-F8FF-4D98-9DE5-528F688EFA3B}.Debug|Any CPU.Build.0 = Debug|Any CPU
		{7950D4D3-F8FF-4D98-9DE5-528F688EFA3B}.Release|Any CPU.ActiveCfg = Release|Any CPU
		{7950D4D3-F8FF-4D98-9DE5-528F688EFA3B}.Release|Any CPU.Build.0 = Release|Any CPU
		{461FCA05-9A43-411C-830D-05D877189AAC}.Debug|Any CPU.ActiveCfg = Debug|Any CPU
		{461FCA05-9A43-411C-830D-05D877189AAC}.Debug|Any CPU.Build.0 = Debug|Any CPU
		{461FCA05-9A43-411C-830D-05D877189AAC}.Release|Any CPU.ActiveCfg = Release|Any CPU
		{461FCA05-9A43-411C-830D-05D877189AAC}.Release|Any CPU.Build.0 = Release|Any CPU
		{E1027885-2F51-4769-BE7A-2DE21B62705D}.Debug|Any CPU.ActiveCfg = Debug|Any CPU
		{E1027885-2F51-4769-BE7A-2DE21B62705D}.Debug|Any CPU.Build.0 = Debug|Any CPU
		{E1027885-2F51-4769-BE7A-2DE21B62705D}.Release|Any CPU.ActiveCfg = Release|Any CPU
		{E1027885-2F51-4769-BE7A-2DE21B62705D}.Release|Any CPU.Build.0 = Release|Any CPU
		{14AD0BBD-93C9-462D-8FA5-9DA858BE3F48}.Debug|Any CPU.ActiveCfg = Debug|Any CPU
		{14AD0BBD-93C9-462D-8FA5-9DA858BE3F48}.Debug|Any CPU.Build.0 = Debug|Any CPU
		{14AD0BBD-93C9-462D-8FA5-9DA858BE3F48}.Release|Any CPU.ActiveCfg = Release|Any CPU
		{14AD0BBD-93C9-462D-8FA5-9DA858BE3F48}.Release|Any CPU.Build.0 = Release|Any CPU
		{A87C4D2D-836E-4BE8-9C8B-BFCC41095F4E}.Debug|Any CPU.ActiveCfg = Debug|Any CPU
		{A87C4D2D-836E-4BE8-9C8B-BFCC41095F4E}.Debug|Any CPU.Build.0 = Debug|Any CPU
		{A87C4D2D-836E-4BE8-9C8B-BFCC41095F4E}.Release|Any CPU.ActiveCfg = Release|Any CPU
		{A87C4D2D-836E-4BE8-9C8B-BFCC41095F4E}.Release|Any CPU.Build.0 = Release|Any CPU
		{13DF9E8E-9C9F-4104-A70A-CE46BF265D18}.Debug|Any CPU.ActiveCfg = Debug|Any CPU
		{13DF9E8E-9C9F-4104-A70A-CE46BF265D18}.Debug|Any CPU.Build.0 = Debug|Any CPU
		{13DF9E8E-9C9F-4104-A70A-CE46BF265D18}.Release|Any CPU.ActiveCfg = Release|Any CPU
		{13DF9E8E-9C9F-4104-A70A-CE46BF265D18}.Release|Any CPU.Build.0 = Release|Any CPU
		{9CEC6FFC-68D7-4055-9A1A-19FE6207FF70}.Debug|Any CPU.ActiveCfg = Debug|Any CPU
		{9CEC6FFC-68D7-4055-9A1A-19FE6207FF70}.Debug|Any CPU.Build.0 = Debug|Any CPU
		{9CEC6FFC-68D7-4055-9A1A-19FE6207FF70}.Release|Any CPU.ActiveCfg = Release|Any CPU
		{9CEC6FFC-68D7-4055-9A1A-19FE6207FF70}.Release|Any CPU.Build.0 = Release|Any CPU
		{EA3E38EC-7198-4177-885B-D5D99881BF35}.Debug|Any CPU.ActiveCfg = Debug|Any CPU
		{EA3E38EC-7198-4177-885B-D5D99881BF35}.Debug|Any CPU.Build.0 = Debug|Any CPU
		{EA3E38EC-7198-4177-885B-D5D99881BF35}.Release|Any CPU.ActiveCfg = Release|Any CPU
		{EA3E38EC-7198-4177-885B-D5D99881BF35}.Release|Any CPU.Build.0 = Release|Any CPU
		{2BB48742-18E9-4007-87DE-ADBAD19A96D7}.Debug|Any CPU.ActiveCfg = Debug|Any CPU
		{2BB48742-18E9-4007-87DE-ADBAD19A96D7}.Debug|Any CPU.Build.0 = Debug|Any CPU
		{2BB48742-18E9-4007-87DE-ADBAD19A96D7}.Release|Any CPU.ActiveCfg = Release|Any CPU
		{2BB48742-18E9-4007-87DE-ADBAD19A96D7}.Release|Any CPU.Build.0 = Release|Any CPU
		{F4D081EA-E7B2-4972-B08D-92F9EF05DA21}.Debug|Any CPU.ActiveCfg = Debug|Any CPU
		{F4D081EA-E7B2-4972-B08D-92F9EF05DA21}.Debug|Any CPU.Build.0 = Debug|Any CPU
		{F4D081EA-E7B2-4972-B08D-92F9EF05DA21}.Release|Any CPU.ActiveCfg = Release|Any CPU
		{F4D081EA-E7B2-4972-B08D-92F9EF05DA21}.Release|Any CPU.Build.0 = Release|Any CPU
		{6B67BEDE-96F5-4150-AEA8-DE9089C3D719}.Debug|Any CPU.ActiveCfg = Debug|Any CPU
		{6B67BEDE-96F5-4150-AEA8-DE9089C3D719}.Debug|Any CPU.Build.0 = Debug|Any CPU
		{6B67BEDE-96F5-4150-AEA8-DE9089C3D719}.Release|Any CPU.ActiveCfg = Release|Any CPU
		{6B67BEDE-96F5-4150-AEA8-DE9089C3D719}.Release|Any CPU.Build.0 = Release|Any CPU
		{9E323EF8-F6EF-4891-9CEE-E41EA4C99A52}.Debug|Any CPU.ActiveCfg = Debug|Any CPU
		{9E323EF8-F6EF-4891-9CEE-E41EA4C99A52}.Debug|Any CPU.Build.0 = Debug|Any CPU
		{9E323EF8-F6EF-4891-9CEE-E41EA4C99A52}.Release|Any CPU.ActiveCfg = Release|Any CPU
		{9E323EF8-F6EF-4891-9CEE-E41EA4C99A52}.Release|Any CPU.Build.0 = Release|Any CPU
	EndGlobalSection
	GlobalSection(SolutionProperties) = preSolution
		HideSolutionNode = FALSE
	EndGlobalSection
	GlobalSection(NestedProjects) = preSolution
		{2BABEB05-CC23-41D7-A9FF-9C20BADF37D0} = {5D2C0E5B-C8E9-425F-B2E6-55CFABB0D66D}
		{83C436B5-9B52-4AF6-885E-64EDA6F8D2EB} = {A5F1F3FD-D0D0-4C99-93B3-0832BAC5E455}
		{A1AD55C1-6EB0-4E30-9947-85CB2726A598} = {B746BC38-C5E8-45A6-B16B-6D5F4E463E7A}
		{5260BC2E-060E-40F6-87B5-3023D636FB7A} = {B746BC38-C5E8-45A6-B16B-6D5F4E463E7A}
		{2E39AE25-7736-46FB-81A4-DE9ADA994821} = {B746BC38-C5E8-45A6-B16B-6D5F4E463E7A}
		{327CA881-D6BE-4C6D-8C29-A168D3F13204} = {5D2C0E5B-C8E9-425F-B2E6-55CFABB0D66D}
		{DAE59525-9751-4CAB-9918-58AD7B3F731D} = {5D2C0E5B-C8E9-425F-B2E6-55CFABB0D66D}
		{0E101A57-0A04-4777-BACF-FDE3831C5355} = {5D2C0E5B-C8E9-425F-B2E6-55CFABB0D66D}
		{2ECA2DC1-BF90-43E6-9C5F-4640A5B24EFD} = {5D2C0E5B-C8E9-425F-B2E6-55CFABB0D66D}
		{22365054-D6A8-4F72-8389-2D6C27A035BE} = {5D2C0E5B-C8E9-425F-B2E6-55CFABB0D66D}
		{88F3B605-FEBD-4777-9CA8-5E923DD777B0} = {5D2C0E5B-C8E9-425F-B2E6-55CFABB0D66D}
		{DF064E4E-522A-4175-A423-9311D6E26F3C} = {5D2C0E5B-C8E9-425F-B2E6-55CFABB0D66D}
		{A5623E6A-EF61-4B5F-AA19-8624F2A34700} = {5D2C0E5B-C8E9-425F-B2E6-55CFABB0D66D}
		{D675D509-EDE9-4322-B2A0-0ED9819E0243} = {5D2C0E5B-C8E9-425F-B2E6-55CFABB0D66D}
		{42A40929-2CBB-4018-978B-F12A2416970D} = {124B376C-88F6-4BF2-89FE-DE86AFD69776}
		{809A41E0-C874-4D03-A838-07859A7EA9FE} = {124B376C-88F6-4BF2-89FE-DE86AFD69776}
		{013641B2-B2AA-42CF-A392-CCEE1081BDDF} = {124B376C-88F6-4BF2-89FE-DE86AFD69776}
		{D42709C7-84D6-43FC-BCC8-0C877777717C} = {124B376C-88F6-4BF2-89FE-DE86AFD69776}
		{8A36BA94-9DFC-4C9E-827A-A5746CBA44EE} = {124B376C-88F6-4BF2-89FE-DE86AFD69776}
		{74C31B32-2C65-4B14-8BBE-48DC7A7B3306} = {124B376C-88F6-4BF2-89FE-DE86AFD69776}
		{A35528D6-FD86-41D5-8148-532ED636705E} = {124B376C-88F6-4BF2-89FE-DE86AFD69776}
		{A301EC0A-F242-44A2-9A05-A26B428A4315} = {124B376C-88F6-4BF2-89FE-DE86AFD69776}
		{7950D4D3-F8FF-4D98-9DE5-528F688EFA3B} = {124B376C-88F6-4BF2-89FE-DE86AFD69776}
		{461FCA05-9A43-411C-830D-05D877189AAC} = {124B376C-88F6-4BF2-89FE-DE86AFD69776}
		{E1027885-2F51-4769-BE7A-2DE21B62705D} = {124B376C-88F6-4BF2-89FE-DE86AFD69776}
		{A87C4D2D-836E-4BE8-9C8B-BFCC41095F4E} = {5D2C0E5B-C8E9-425F-B2E6-55CFABB0D66D}
		{13DF9E8E-9C9F-4104-A70A-CE46BF265D18} = {5D2C0E5B-C8E9-425F-B2E6-55CFABB0D66D}
		{9CEC6FFC-68D7-4055-9A1A-19FE6207FF70} = {5D2C0E5B-C8E9-425F-B2E6-55CFABB0D66D}
		{EA3E38EC-7198-4177-885B-D5D99881BF35} = {5D2C0E5B-C8E9-425F-B2E6-55CFABB0D66D}
		{2BB48742-18E9-4007-87DE-ADBAD19A96D7} = {47EB1CF9-1D8E-4F14-A5F5-8B2C5C5BB721}
		{F4D081EA-E7B2-4972-B08D-92F9EF05DA21} = {47EB1CF9-1D8E-4F14-A5F5-8B2C5C5BB721}
		{6B67BEDE-96F5-4150-AEA8-DE9089C3D719} = {47EB1CF9-1D8E-4F14-A5F5-8B2C5C5BB721}
		{9E323EF8-F6EF-4891-9CEE-E41EA4C99A52} = {47EB1CF9-1D8E-4F14-A5F5-8B2C5C5BB721}
	EndGlobalSection
	GlobalSection(ExtensibilityGlobals) = postSolution
		SolutionGuid = {C58683BE-2893-4A73-8C12-D928D235E05E}
	EndGlobalSection
EndGlobal
