
Microsoft Visual Studio Solution File, Format Version 12.00
# Visual Studio Version 17
VisualStudioVersion = 17.8.34330.188
MinimumVisualStudioVersion = 10.0.40219.1
Project("{FAE04EC0-301F-11D3-BF4B-00C04F79EFBC}") = "veriyapılarıFinaleÇalışmak", "veriyapılarıFinaleÇalışmak\veriyapılarıFinaleÇalışmak.csproj", "{44420779-A5B8-4DFF-8832-6F212E131A7D}"
EndProject
Project("{2150E333-8FDC-42A3-9474-1A3956D46DE8}") = "hafta1", "hafta1", "{8256617E-11BD-4E91-A96A-BE581BDD0CA3}"
EndProject
Project("{FAE04EC0-301F-11D3-BF4B-00C04F79EFBC}") = "odev1_1", "odev1_1\odev1_1.csproj", "{5D7A23DB-F036-452E-ADB5-E4E7341694CD}"
EndProject
Project("{FAE04EC0-301F-11D3-BF4B-00C04F79EFBC}") = "odev1_2", "odev1_2\odev1_2.csproj", "{6040ACB2-254F-488E-8199-89DA5E3932B0}"
EndProject
Project("{FAE04EC0-301F-11D3-BF4B-00C04F79EFBC}") = "odev1_1_iö", "odev1_1_iö\odev1_1_iö.csproj", "{94935F3F-CFD0-4789-B99A-39FC1C0BBB63}"
EndProject
Project("{FAE04EC0-301F-11D3-BF4B-00C04F79EFBC}") = "odev3", "odev3\odev3.csproj", "{9C6A129E-DDFC-4C71-8496-FE45B3D19A9B}"
EndProject
Project("{FAE04EC0-301F-11D3-BF4B-00C04F79EFBC}") = "odev1_3_iö", "odev1_3_iö\odev1_3_iö.csproj", "{1FACB10A-EF70-4658-8FAE-A02CCBB2D78F}"
EndProject
Project("{FAE04EC0-301F-11D3-BF4B-00C04F79EFBC}") = "odev1_4", "odev1_4\odev1_4.csproj", "{055F5505-9619-478A-AA65-263161D33971}"
EndProject
Project("{FAE04EC0-301F-11D3-BF4B-00C04F79EFBC}") = "hafta2", "hafta2\hafta2.csproj", "{05A376E9-B8E8-4548-9D7F-15AEC99FB9B7}"
EndProject
Project("{2150E333-8FDC-42A3-9474-1A3956D46DE8}") = "hafta3", "hafta3", "{1E6E9EFE-417D-4C09-B92A-9F2A0AE17E94}"
EndProject
Project("{FAE04EC0-301F-11D3-BF4B-00C04F79EFBC}") = "soru3", "soru3\soru3.csproj", "{F5E6B0C9-5E93-47DB-BC69-9F2E7E646A34}"
EndProject
Project("{FAE04EC0-301F-11D3-BF4B-00C04F79EFBC}") = "soru1", "soru1\soru1.csproj", "{52F7D446-5016-415D-9C75-69DD205BE1A0}"
EndProject
Project("{FAE04EC0-301F-11D3-BF4B-00C04F79EFBC}") = "soru2", "soru2\soru2.csproj", "{9466F189-7201-413F-9C73-F439924A0603}"
EndProject
Project("{2150E333-8FDC-42A3-9474-1A3956D46DE8}") = "hafta4", "hafta4", "{B245A0BF-CEE7-44F7-BA79-2EB1074F12A1}"
EndProject
Project("{FAE04EC0-301F-11D3-BF4B-00C04F79EFBC}") = "sorular", "sorular\sorular.csproj", "{FEC88C88-A2FC-410C-A8E5-96681C3BCF7B}"
EndProject
Project("{FAE04EC0-301F-11D3-BF4B-00C04F79EFBC}") = "enOnemliMetotlar", "enOnemliMetotlar\enOnemliMetotlar.csproj", "{E8BF74D3-BC4C-4F9B-94CB-67CAC612A2EB}"
EndProject
Project("{FAE04EC0-301F-11D3-BF4B-00C04F79EFBC}") = "masa", "masa\masa.csproj", "{0D37AF5A-9F11-477F-BA8E-8EFA3B0FD244}"
EndProject
Global
	GlobalSection(SolutionConfigurationPlatforms) = preSolution
		Debug|Any CPU = Debug|Any CPU
		Release|Any CPU = Release|Any CPU
	EndGlobalSection
	GlobalSection(ProjectConfigurationPlatforms) = postSolution
		{44420779-A5B8-4DFF-8832-6F212E131A7D}.Debug|Any CPU.ActiveCfg = Debug|Any CPU
		{44420779-A5B8-4DFF-8832-6F212E131A7D}.Debug|Any CPU.Build.0 = Debug|Any CPU
		{44420779-A5B8-4DFF-8832-6F212E131A7D}.Release|Any CPU.ActiveCfg = Release|Any CPU
		{44420779-A5B8-4DFF-8832-6F212E131A7D}.Release|Any CPU.Build.0 = Release|Any CPU
		{5D7A23DB-F036-452E-ADB5-E4E7341694CD}.Debug|Any CPU.ActiveCfg = Debug|Any CPU
		{5D7A23DB-F036-452E-ADB5-E4E7341694CD}.Debug|Any CPU.Build.0 = Debug|Any CPU
		{5D7A23DB-F036-452E-ADB5-E4E7341694CD}.Release|Any CPU.ActiveCfg = Release|Any CPU
		{5D7A23DB-F036-452E-ADB5-E4E7341694CD}.Release|Any CPU.Build.0 = Release|Any CPU
		{6040ACB2-254F-488E-8199-89DA5E3932B0}.Debug|Any CPU.ActiveCfg = Debug|Any CPU
		{6040ACB2-254F-488E-8199-89DA5E3932B0}.Debug|Any CPU.Build.0 = Debug|Any CPU
		{6040ACB2-254F-488E-8199-89DA5E3932B0}.Release|Any CPU.ActiveCfg = Release|Any CPU
		{6040ACB2-254F-488E-8199-89DA5E3932B0}.Release|Any CPU.Build.0 = Release|Any CPU
		{94935F3F-CFD0-4789-B99A-39FC1C0BBB63}.Debug|Any CPU.ActiveCfg = Debug|Any CPU
		{94935F3F-CFD0-4789-B99A-39FC1C0BBB63}.Debug|Any CPU.Build.0 = Debug|Any CPU
		{94935F3F-CFD0-4789-B99A-39FC1C0BBB63}.Release|Any CPU.ActiveCfg = Release|Any CPU
		{94935F3F-CFD0-4789-B99A-39FC1C0BBB63}.Release|Any CPU.Build.0 = Release|Any CPU
		{9C6A129E-DDFC-4C71-8496-FE45B3D19A9B}.Debug|Any CPU.ActiveCfg = Debug|Any CPU
		{9C6A129E-DDFC-4C71-8496-FE45B3D19A9B}.Debug|Any CPU.Build.0 = Debug|Any CPU
		{9C6A129E-DDFC-4C71-8496-FE45B3D19A9B}.Release|Any CPU.ActiveCfg = Release|Any CPU
		{9C6A129E-DDFC-4C71-8496-FE45B3D19A9B}.Release|Any CPU.Build.0 = Release|Any CPU
		{1FACB10A-EF70-4658-8FAE-A02CCBB2D78F}.Debug|Any CPU.ActiveCfg = Debug|Any CPU
		{1FACB10A-EF70-4658-8FAE-A02CCBB2D78F}.Debug|Any CPU.Build.0 = Debug|Any CPU
		{1FACB10A-EF70-4658-8FAE-A02CCBB2D78F}.Release|Any CPU.ActiveCfg = Release|Any CPU
		{1FACB10A-EF70-4658-8FAE-A02CCBB2D78F}.Release|Any CPU.Build.0 = Release|Any CPU
		{055F5505-9619-478A-AA65-263161D33971}.Debug|Any CPU.ActiveCfg = Debug|Any CPU
		{055F5505-9619-478A-AA65-263161D33971}.Debug|Any CPU.Build.0 = Debug|Any CPU
		{055F5505-9619-478A-AA65-263161D33971}.Release|Any CPU.ActiveCfg = Release|Any CPU
		{055F5505-9619-478A-AA65-263161D33971}.Release|Any CPU.Build.0 = Release|Any CPU
		{05A376E9-B8E8-4548-9D7F-15AEC99FB9B7}.Debug|Any CPU.ActiveCfg = Debug|Any CPU
		{05A376E9-B8E8-4548-9D7F-15AEC99FB9B7}.Debug|Any CPU.Build.0 = Debug|Any CPU
		{05A376E9-B8E8-4548-9D7F-15AEC99FB9B7}.Release|Any CPU.ActiveCfg = Release|Any CPU
		{05A376E9-B8E8-4548-9D7F-15AEC99FB9B7}.Release|Any CPU.Build.0 = Release|Any CPU
		{F5E6B0C9-5E93-47DB-BC69-9F2E7E646A34}.Debug|Any CPU.ActiveCfg = Debug|Any CPU
		{F5E6B0C9-5E93-47DB-BC69-9F2E7E646A34}.Debug|Any CPU.Build.0 = Debug|Any CPU
		{F5E6B0C9-5E93-47DB-BC69-9F2E7E646A34}.Release|Any CPU.ActiveCfg = Release|Any CPU
		{F5E6B0C9-5E93-47DB-BC69-9F2E7E646A34}.Release|Any CPU.Build.0 = Release|Any CPU
		{52F7D446-5016-415D-9C75-69DD205BE1A0}.Debug|Any CPU.ActiveCfg = Debug|Any CPU
		{52F7D446-5016-415D-9C75-69DD205BE1A0}.Debug|Any CPU.Build.0 = Debug|Any CPU
		{52F7D446-5016-415D-9C75-69DD205BE1A0}.Release|Any CPU.ActiveCfg = Release|Any CPU
		{52F7D446-5016-415D-9C75-69DD205BE1A0}.Release|Any CPU.Build.0 = Release|Any CPU
		{9466F189-7201-413F-9C73-F439924A0603}.Debug|Any CPU.ActiveCfg = Debug|Any CPU
		{9466F189-7201-413F-9C73-F439924A0603}.Debug|Any CPU.Build.0 = Debug|Any CPU
		{9466F189-7201-413F-9C73-F439924A0603}.Release|Any CPU.ActiveCfg = Release|Any CPU
		{9466F189-7201-413F-9C73-F439924A0603}.Release|Any CPU.Build.0 = Release|Any CPU
		{FEC88C88-A2FC-410C-A8E5-96681C3BCF7B}.Debug|Any CPU.ActiveCfg = Debug|Any CPU
		{FEC88C88-A2FC-410C-A8E5-96681C3BCF7B}.Debug|Any CPU.Build.0 = Debug|Any CPU
		{FEC88C88-A2FC-410C-A8E5-96681C3BCF7B}.Release|Any CPU.ActiveCfg = Release|Any CPU
		{FEC88C88-A2FC-410C-A8E5-96681C3BCF7B}.Release|Any CPU.Build.0 = Release|Any CPU
		{E8BF74D3-BC4C-4F9B-94CB-67CAC612A2EB}.Debug|Any CPU.ActiveCfg = Debug|Any CPU
		{E8BF74D3-BC4C-4F9B-94CB-67CAC612A2EB}.Debug|Any CPU.Build.0 = Debug|Any CPU
		{E8BF74D3-BC4C-4F9B-94CB-67CAC612A2EB}.Release|Any CPU.ActiveCfg = Release|Any CPU
		{E8BF74D3-BC4C-4F9B-94CB-67CAC612A2EB}.Release|Any CPU.Build.0 = Release|Any CPU
		{0D37AF5A-9F11-477F-BA8E-8EFA3B0FD244}.Debug|Any CPU.ActiveCfg = Debug|Any CPU
		{0D37AF5A-9F11-477F-BA8E-8EFA3B0FD244}.Debug|Any CPU.Build.0 = Debug|Any CPU
		{0D37AF5A-9F11-477F-BA8E-8EFA3B0FD244}.Release|Any CPU.ActiveCfg = Release|Any CPU
		{0D37AF5A-9F11-477F-BA8E-8EFA3B0FD244}.Release|Any CPU.Build.0 = Release|Any CPU
	EndGlobalSection
	GlobalSection(SolutionProperties) = preSolution
		HideSolutionNode = FALSE
	EndGlobalSection
	GlobalSection(NestedProjects) = preSolution
		{5D7A23DB-F036-452E-ADB5-E4E7341694CD} = {8256617E-11BD-4E91-A96A-BE581BDD0CA3}
		{6040ACB2-254F-488E-8199-89DA5E3932B0} = {8256617E-11BD-4E91-A96A-BE581BDD0CA3}
		{94935F3F-CFD0-4789-B99A-39FC1C0BBB63} = {8256617E-11BD-4E91-A96A-BE581BDD0CA3}
		{9C6A129E-DDFC-4C71-8496-FE45B3D19A9B} = {8256617E-11BD-4E91-A96A-BE581BDD0CA3}
		{1FACB10A-EF70-4658-8FAE-A02CCBB2D78F} = {8256617E-11BD-4E91-A96A-BE581BDD0CA3}
		{055F5505-9619-478A-AA65-263161D33971} = {8256617E-11BD-4E91-A96A-BE581BDD0CA3}
		{F5E6B0C9-5E93-47DB-BC69-9F2E7E646A34} = {1E6E9EFE-417D-4C09-B92A-9F2A0AE17E94}
		{52F7D446-5016-415D-9C75-69DD205BE1A0} = {1E6E9EFE-417D-4C09-B92A-9F2A0AE17E94}
		{9466F189-7201-413F-9C73-F439924A0603} = {1E6E9EFE-417D-4C09-B92A-9F2A0AE17E94}
		{FEC88C88-A2FC-410C-A8E5-96681C3BCF7B} = {B245A0BF-CEE7-44F7-BA79-2EB1074F12A1}
		{E8BF74D3-BC4C-4F9B-94CB-67CAC612A2EB} = {B245A0BF-CEE7-44F7-BA79-2EB1074F12A1}
	EndGlobalSection
	GlobalSection(ExtensibilityGlobals) = postSolution
		SolutionGuid = {A5A7BD2B-0E3C-4A7F-BA92-5DDD6ACA0F64}
	EndGlobalSection
EndGlobal
